
Microsoft Visual Studio Solution File, Format Version 12.00
# Visual Studio Version 17
VisualStudioVersion = 17.13.35919.96
MinimumVisualStudioVersion = 10.0.40219.1
Project("{2150E333-8FDC-42A3-9474-1A3956D46DE8}") = "01. Presentation", "01. Presentation", "{02EA681E-C7D8-13C7-8484-4AC65E1B71E8}"
EndProject
Project("{2150E333-8FDC-42A3-9474-1A3956D46DE8}") = "02.Core", "02.Core", "{B8EF5431-7808-4311-A161-8D34966A8C95}"
EndProject
Project("{2150E333-8FDC-42A3-9474-1A3956D46DE8}") = "03. Infrastructure", "03. Infrastructure", "{7188A667-F34C-4515-A280-BC4F1A258A8A}"
EndProject
Project("{FAE04EC0-301F-11D3-BF4B-00C04F79EFBC}") = "Core.Domain", "Core.Domain\Core.Domain.csproj", "{7545D627-2785-468C-8571-7325BA1547F3}"
	ProjectSection(ProjectDependencies) = postProject
		{EBC32EA4-B22B-4BA1-86BE-EE432F91ACFD} = {EBC32EA4-B22B-4BA1-86BE-EE432F91ACFD}
	EndProjectSection
EndProject
Project("{FAE04EC0-301F-11D3-BF4B-00C04F79EFBC}") = "Infrastructure.DataAccess", "Infrastructure.DataAccess\Infrastructure.DataAccess.csproj", "{EBC32EA4-B22B-4BA1-86BE-EE432F91ACFD}"
EndProject
Project("{FAE04EC0-301F-11D3-BF4B-00C04F79EFBC}") = "BYR_WindowsForms", "BYR_WindowsForms\BYR_WindowsForms.csproj", "{24D81D06-7D63-4DDE-ACE3-F4A75C4B7C8C}"
EndProject
Project("{FAE04EC0-301F-11D3-BF4B-00C04F79EFBC}") = "BYR_WebApp", "BYR_WebApp\BYR_WebApp.csproj", "{99A532E5-22C0-4BFF-B410-14564C54A422}"
EndProject
Project("{2150E333-8FDC-42A3-9474-1A3956D46DE8}") = "10. Tests", "10. Tests", "{AA4D6A32-D838-441E-8B5F-40466F517CCD}"
EndProject
Project("{FAE04EC0-301F-11D3-BF4B-00C04F79EFBC}") = "UnitTests", "UnitTests\UnitTests.csproj", "{1825B85A-E8AF-44D1-9425-FE2441D13516}"
EndProject
Global
	GlobalSection(SolutionConfigurationPlatforms) = preSolution
		Debug|Any CPU = Debug|Any CPU
		Release|Any CPU = Release|Any CPU
	EndGlobalSection
	GlobalSection(ProjectConfigurationPlatforms) = postSolution
		{7545D627-2785-468C-8571-7325BA1547F3}.Debug|Any CPU.ActiveCfg = Debug|Any CPU
		{7545D627-2785-468C-8571-7325BA1547F3}.Debug|Any CPU.Build.0 = Debug|Any CPU
		{7545D627-2785-468C-8571-7325BA1547F3}.Release|Any CPU.ActiveCfg = Release|Any CPU
		{7545D627-2785-468C-8571-7325BA1547F3}.Release|Any CPU.Build.0 = Release|Any CPU
		{EBC32EA4-B22B-4BA1-86BE-EE432F91ACFD}.Debug|Any CPU.ActiveCfg = Debug|Any CPU
		{EBC32EA4-B22B-4BA1-86BE-EE432F91ACFD}.Debug|Any CPU.Build.0 = Debug|Any CPU
		{EBC32EA4-B22B-4BA1-86BE-EE432F91ACFD}.Release|Any CPU.ActiveCfg = Release|Any CPU
		{EBC32EA4-B22B-4BA1-86BE-EE432F91ACFD}.Release|Any CPU.Build.0 = Release|Any CPU
		{24D81D06-7D63-4DDE-ACE3-F4A75C4B7C8C}.Debug|Any CPU.ActiveCfg = Debug|Any CPU
		{24D81D06-7D63-4DDE-ACE3-F4A75C4B7C8C}.Debug|Any CPU.Build.0 = Debug|Any CPU
		{24D81D06-7D63-4DDE-ACE3-F4A75C4B7C8C}.Release|Any CPU.ActiveCfg = Release|Any CPU
		{24D81D06-7D63-4DDE-ACE3-F4A75C4B7C8C}.Release|Any CPU.Build.0 = Release|Any CPU
		{99A532E5-22C0-4BFF-B410-14564C54A422}.Debug|Any CPU.ActiveCfg = Debug|Any CPU
		{99A532E5-22C0-4BFF-B410-14564C54A422}.Debug|Any CPU.Build.0 = Debug|Any CPU
		{99A532E5-22C0-4BFF-B410-14564C54A422}.Release|Any CPU.ActiveCfg = Release|Any CPU
		{99A532E5-22C0-4BFF-B410-14564C54A422}.Release|Any CPU.Build.0 = Release|Any CPU
		{1825B85A-E8AF-44D1-9425-FE2441D13516}.Debug|Any CPU.ActiveCfg = Debug|Any CPU
		{1825B85A-E8AF-44D1-9425-FE2441D13516}.Debug|Any CPU.Build.0 = Debug|Any CPU
		{1825B85A-E8AF-44D1-9425-FE2441D13516}.Release|Any CPU.ActiveCfg = Release|Any CPU
		{1825B85A-E8AF-44D1-9425-FE2441D13516}.Release|Any CPU.Build.0 = Release|Any CPU
	EndGlobalSection
	GlobalSection(SolutionProperties) = preSolution
		HideSolutionNode = FALSE
	EndGlobalSection
	GlobalSection(NestedProjects) = preSolution
		{7545D627-2785-468C-8571-7325BA1547F3} = {B8EF5431-7808-4311-A161-8D34966A8C95}
		{EBC32EA4-B22B-4BA1-86BE-EE432F91ACFD} = {7188A667-F34C-4515-A280-BC4F1A258A8A}
		{24D81D06-7D63-4DDE-ACE3-F4A75C4B7C8C} = {02EA681E-C7D8-13C7-8484-4AC65E1B71E8}
		{99A532E5-22C0-4BFF-B410-14564C54A422} = {02EA681E-C7D8-13C7-8484-4AC65E1B71E8}
		{1825B85A-E8AF-44D1-9425-FE2441D13516} = {AA4D6A32-D838-441E-8B5F-40466F517CCD}
	EndGlobalSection
	GlobalSection(ExtensibilityGlobals) = postSolution
		SolutionGuid = {22A5D117-420B-4EA8-8366-5F1D4464996B}
	EndGlobalSection
EndGlobal
